{
  "requires": true,
  "lockfileVersion": 1,
  "dependencies": {
    "js-priority-queue": {
      "version": "0.1.5",
      "resolved": "https://registry.npmjs.org/js-priority-queue/-/js-priority-queue-0.1.5.tgz",
      "integrity": "sha1-9x6bISDJHood2rO300fawB2B6Dc=",
      "dev": true
    }
  }
}
